
Microsoft Visual Studio Solution File, Format Version 12.00
# Visual Studio Version 16
VisualStudioVersion = 16.0.31205.134
MinimumVisualStudioVersion = 10.0.40219.1
Project("{FAE04EC0-301F-11D3-BF4B-00C04F79EFBC}") = "RSS.CompleteApp", "src\RSS.CompleteApp\RSS.CompleteApp.csproj", "{A11E1F44-1571-4DD7-BEED-A494FC75CD32}"
EndProject
Project("{FAE04EC0-301F-11D3-BF4B-00C04F79EFBC}") = "RSS.Business", "src\RSS.Business\RSS.Business.csproj", "{7BF68391-9861-4B32-9A05-B5B4EA93393D}"
EndProject
Project("{FAE04EC0-301F-11D3-BF4B-00C04F79EFBC}") = "RSS.Data", "src\RSS.Data\RSS.Data.csproj", "{1BEB50A8-3F79-4A21-8A27-5946F26F852D}"
EndProject
Global
	GlobalSection(SolutionConfigurationPlatforms) = preSolution
		Debug|Any CPU = Debug|Any CPU
		Release|Any CPU = Release|Any CPU
	EndGlobalSection
	GlobalSection(ProjectConfigurationPlatforms) = postSolution
		{A11E1F44-1571-4DD7-BEED-A494FC75CD32}.Debug|Any CPU.ActiveCfg = Debug|Any CPU
		{A11E1F44-1571-4DD7-BEED-A494FC75CD32}.Debug|Any CPU.Build.0 = Debug|Any CPU
		{A11E1F44-1571-4DD7-BEED-A494FC75CD32}.Release|Any CPU.ActiveCfg = Release|Any CPU
		{A11E1F44-1571-4DD7-BEED-A494FC75CD32}.Release|Any CPU.Build.0 = Release|Any CPU
		{7BF68391-9861-4B32-9A05-B5B4EA93393D}.Debug|Any CPU.ActiveCfg = Debug|Any CPU
		{7BF68391-9861-4B32-9A05-B5B4EA93393D}.Debug|Any CPU.Build.0 = Debug|Any CPU
		{7BF68391-9861-4B32-9A05-B5B4EA93393D}.Release|Any CPU.ActiveCfg = Release|Any CPU
		{7BF68391-9861-4B32-9A05-B5B4EA93393D}.Release|Any CPU.Build.0 = Release|Any CPU
		{1BEB50A8-3F79-4A21-8A27-5946F26F852D}.Debug|Any CPU.ActiveCfg = Debug|Any CPU
		{1BEB50A8-3F79-4A21-8A27-5946F26F852D}.Debug|Any CPU.Build.0 = Debug|Any CPU
		{1BEB50A8-3F79-4A21-8A27-5946F26F852D}.Release|Any CPU.ActiveCfg = Release|Any CPU
		{1BEB50A8-3F79-4A21-8A27-5946F26F852D}.Release|Any CPU.Build.0 = Release|Any CPU
	EndGlobalSection
	GlobalSection(SolutionProperties) = preSolution
		HideSolutionNode = FALSE
	EndGlobalSection
	GlobalSection(ExtensibilityGlobals) = postSolution
		SolutionGuid = {7799C5F6-FA73-4F64-A4E9-7015E4FFB0ED}
	EndGlobalSection
EndGlobal
